Microsoft Visual Studio Solution File, Format Version 8.00
Project("{F184B08F-C81C-45F6-A57F-5ABD9991F28F}") = "Slurp", "Source\Slurp.vbproj", "{79996815-1E04-4D67-B897-DCEA480065BB}"
	ProjectSection(ProjectDependencies) = postProject
		{1079E802-4A96-491B-BF17-067AAFB011B3} = {1079E802-4A96-491B-BF17-067AAFB011B3}
	EndProjectSection
EndProject
Project("{8BC9CEB8-8B4A-11D0-8D11-00A0C91BC942}") = "DotNetComponentInterface", "..\..\Shared\DotNetComponentInterface\DOTNETComponentInterface.vcproj", "{1079E802-4A96-491B-BF17-067AAFB011B3}"
	ProjectSection(ProjectDependencies) = postProject
	EndProjectSection
EndProject
Global
	GlobalSection(SolutionConfiguration) = preSolution
		Debug = Debug
		Release = Release
	EndGlobalSection
	GlobalSection(ProjectConfiguration) = postSolution
		{79996815-1E04-4D67-B897-DCEA480065BB}.Debug.ActiveCfg = Debug|.NET
		{79996815-1E04-4D67-B897-DCEA480065BB}.Debug.Build.0 = Debug|.NET
		{79996815-1E04-4D67-B897-DCEA480065BB}.Release.ActiveCfg = Release|.NET
		{79996815-1E04-4D67-B897-DCEA480065BB}.Release.Build.0 = Release|.NET
		{1079E802-4A96-491B-BF17-067AAFB011B3}.Debug.ActiveCfg = Debug|Win32
		{1079E802-4A96-491B-BF17-067AAFB011B3}.Debug.Build.0 = Debug|Win32
		{1079E802-4A96-491B-BF17-067AAFB011B3}.Release.ActiveCfg = Release|Win32
		{1079E802-4A96-491B-BF17-067AAFB011B3}.Release.Build.0 = Release|Win32
	EndGlobalSection
	GlobalSection(ExtensibilityGlobals) = postSolution
	EndGlobalSection
	GlobalSection(ExtensibilityAddIns) = postSolution
	EndGlobalSection
EndGlobal
