Microsoft Visual Studio Solution File, Format Version 8.00
Project("{FAE04EC0-301F-11D3-BF4B-00C04F79EFBC}") = "YieldProphet", "http://localhost/YP/YieldProphet.csproj", "{DAD22253-0A47-43FC-B2C6-A9B96F6970AE}"
	ProjectSection(ProjectDependencies) = postProject
		{D2EDEF3F-995D-4E9D-9E7C-608D46259E9C} = {D2EDEF3F-995D-4E9D-9E7C-608D46259E9C}
		{8ED54A72-30F3-4713-91BB-D5CAE9B0CAA4} = {8ED54A72-30F3-4713-91BB-D5CAE9B0CAA4}
		{6FAC5AE5-F7B4-4C02-B0D4-B992E0F96CAA} = {6FAC5AE5-F7B4-4C02-B0D4-B992E0F96CAA}
	EndProjectSection
EndProject
Project("{FAE04EC0-301F-11D3-BF4B-00C04F79EFBC}") = "Soil", "..\..\Shared\Soil\Soil.csproj", "{6FAC5AE5-F7B4-4C02-B0D4-B992E0F96CAA}"
	ProjectSection(ProjectDependencies) = postProject
		{D2EDEF3F-995D-4E9D-9E7C-608D46259E9C} = {D2EDEF3F-995D-4E9D-9E7C-608D46259E9C}
		{8ED54A72-30F3-4713-91BB-D5CAE9B0CAA4} = {8ED54A72-30F3-4713-91BB-D5CAE9B0CAA4}
	EndProjectSection
EndProject
Project("{F184B08F-C81C-45F6-A57F-5ABD9991F28F}") = "VBGeneral", "..\..\Shared\VBGeneral\VBGeneral.vbproj", "{8ED54A72-30F3-4713-91BB-D5CAE9B0CAA4}"
	ProjectSection(ProjectDependencies) = postProject
	EndProjectSection
EndProject
Project("{FAE04EC0-301F-11D3-BF4B-00C04F79EFBC}") = "CSGeneral", "..\..\Shared\C#General\CSGeneral.csproj", "{D2EDEF3F-995D-4E9D-9E7C-608D46259E9C}"
	ProjectSection(ProjectDependencies) = postProject
		{8ED54A72-30F3-4713-91BB-D5CAE9B0CAA4} = {8ED54A72-30F3-4713-91BB-D5CAE9B0CAA4}
	EndProjectSection
EndProject
Global
	GlobalSection(SolutionConfiguration) = preSolution
		Debug = Debug
		Release = Release
	EndGlobalSection
	GlobalSection(ProjectConfiguration) = postSolution
		{DAD22253-0A47-43FC-B2C6-A9B96F6970AE}.Debug.ActiveCfg = Debug|.NET
		{DAD22253-0A47-43FC-B2C6-A9B96F6970AE}.Debug.Build.0 = Debug|.NET
		{DAD22253-0A47-43FC-B2C6-A9B96F6970AE}.Release.ActiveCfg = Release|.NET
		{DAD22253-0A47-43FC-B2C6-A9B96F6970AE}.Release.Build.0 = Release|.NET
		{6FAC5AE5-F7B4-4C02-B0D4-B992E0F96CAA}.Debug.ActiveCfg = Debug|.NET
		{6FAC5AE5-F7B4-4C02-B0D4-B992E0F96CAA}.Debug.Build.0 = Debug|.NET
		{6FAC5AE5-F7B4-4C02-B0D4-B992E0F96CAA}.Release.ActiveCfg = Release|.NET
		{6FAC5AE5-F7B4-4C02-B0D4-B992E0F96CAA}.Release.Build.0 = Release|.NET
		{8ED54A72-30F3-4713-91BB-D5CAE9B0CAA4}.Debug.ActiveCfg = Debug|.NET
		{8ED54A72-30F3-4713-91BB-D5CAE9B0CAA4}.Debug.Build.0 = Debug|.NET
		{8ED54A72-30F3-4713-91BB-D5CAE9B0CAA4}.Release.ActiveCfg = Release|.NET
		{8ED54A72-30F3-4713-91BB-D5CAE9B0CAA4}.Release.Build.0 = Release|.NET
		{D2EDEF3F-995D-4E9D-9E7C-608D46259E9C}.Debug.ActiveCfg = Debug|.NET
		{D2EDEF3F-995D-4E9D-9E7C-608D46259E9C}.Debug.Build.0 = Debug|.NET
		{D2EDEF3F-995D-4E9D-9E7C-608D46259E9C}.Release.ActiveCfg = Release|.NET
		{D2EDEF3F-995D-4E9D-9E7C-608D46259E9C}.Release.Build.0 = Release|.NET
	EndGlobalSection
	GlobalSection(ExtensibilityGlobals) = postSolution
	EndGlobalSection
	GlobalSection(ExtensibilityAddIns) = postSolution
	EndGlobalSection
EndGlobal
