Microsoft Visual Studio Solution File, Format Version 8.00
Project("{FAE04EC0-301F-11D3-BF4B-00C04F79EFBC}") = "YieldProphet", "http://localhost/YP/YieldProphet.csproj", "{DAD22253-0A47-43FC-B2C6-A9B96F6970AE}"
	ProjectSection(ProjectDependencies) = postProject
	EndProjectSection
EndProject
Global
	GlobalSection(SolutionConfiguration) = preSolution
		Debug = Debug
		Release = Release
	EndGlobalSection
	GlobalSection(ProjectConfiguration) = postSolution
		{DAD22253-0A47-43FC-B2C6-A9B96F6970AE}.Debug.ActiveCfg = Debug|.NET
		{DAD22253-0A47-43FC-B2C6-A9B96F6970AE}.Debug.Build.0 = Debug|.NET
		{DAD22253-0A47-43FC-B2C6-A9B96F6970AE}.Release.ActiveCfg = Release|.NET
		{DAD22253-0A47-43FC-B2C6-A9B96F6970AE}.Release.Build.0 = Release|.NET
	EndGlobalSection
	GlobalSection(ExtensibilityGlobals) = postSolution
	EndGlobalSection
	GlobalSection(ExtensibilityAddIns) = postSolution
	EndGlobalSection
EndGlobal
